PODS:
  - BigInt (3.0.1):
    - SipHash (~> 1.2)
  - Nimble (7.0.3)
  - NSData+FastHex (1.0.1)
  - Quick (1.2.0)
  - RLP (0.1.0):
    - BigInt (~> 3.0)
    - NSData+FastHex
  - SipHash (1.2.0)

DEPENDENCIES:
  - Nimble (~> 7.0.2)
  - Quick (~> 1.2.0)
  - RLP (from `../`)

EXTERNAL SOURCES:
  RLP:
    :path: ../

SPEC CHECKSUMS:
  BigInt: 8e8a52161c745cd3ab78e3dc346a9fbee51e6cf6
  Nimble: 7f5a9c447a33002645a071bddafbfb24ea70e0ac
  NSData+FastHex: a22ad031ee10a4297d0bf4d20cf03406a4476169
  Quick: 58d203b1c5e27fff7229c4c1ae445ad7069a7a08
  RLP: 5dd3543a7e7160c60d0f6ab290dfd5472b7461a4
  SipHash: c6e9e43e9c531b5bc6602545130c26194a6d31ce

PODFILE CHECKSUM: 12c16eb3f12a18cf061dee04dfdec7f6fd48a647

COCOAPODS: 1.3.1
